{
  "lockfileVersion": 1,
  "configVersion": 1,
  "workspaces": {
    "": {
      "name": "oat-lab",
      "dependencies": {
        "@hono/node-server": "^1.19.0",
        "hono": "^4.9.0",
      },
    },
  },
  "packages": {
    "@hono/node-server": ["@hono/node-server@1.19.17", "", { "peerDependencies": { "hono": "^4" } }, "sha512-dSneS5qhiauZWGDCeK4o695Xd9nUNjviSZCMQrj10eetr8Uln1ucn6bbphOM6UynAMMtNIzZNSpL9vnASJwrPQ=="],

    "hono": ["hono@4.13.2", "", {}, "sha512-JydRilDRkYBQMt9qR9U92mXxmbGqsqSn/IKOrh4e7/gEbn+0zSr8igTu0obwJoNGN4sez28DIql7FBHWydoJpA=="],
  }
}
